
Microsoft Visual Studio Solution File, Format Version 12.00
# Visual Studio Version 16
VisualStudioVersion = 16.0.31005.135
MinimumVisualStudioVersion = 10.0.40219.1
Project("{FAE04EC0-301F-11D3-BF4B-00C04F79EFBC}") = "Wolfteam Launcher", "Wolfteam Launcher\Wolfteam Launcher.csproj", "{32F1D7B5-C2D8-4F8D-AA4B-62B90929B0A0}"
EndProject
Global
	GlobalSection(SolutionConfigurationPlatforms) = preSolution
		Debug|Any CPU = Debug|Any CPU
		Release|Any CPU = Release|Any CPU
	EndGlobalSection
	GlobalSection(ProjectConfigurationPlatforms) = postSolution
		{32F1D7B5-C2D8-4F8D-AA4B-62B90929B0A0}.Debug|Any CPU.ActiveCfg = Debug|Any CPU
		{32F1D7B5-C2D8-4F8D-AA4B-62B90929B0A0}.Debug|Any CPU.Build.0 = Debug|Any CPU
		{32F1D7B5-C2D8-4F8D-AA4B-62B90929B0A0}.Release|Any CPU.ActiveCfg = Release|Any CPU
		{32F1D7B5-C2D8-4F8D-AA4B-62B90929B0A0}.Release|Any CPU.Build.0 = Release|Any CPU
	EndGlobalSection
	GlobalSection(SolutionProperties) = preSolution
		HideSolutionNode = FALSE
	EndGlobalSection
	GlobalSection(ExtensibilityGlobals) = postSolution
		SolutionGuid = {2090819F-3A4D-4660-8EA0-90C27C1DCC0C}
	EndGlobalSection
EndGlobal
